
Microsoft Visual Studio Solution File, Format Version 12.00
# Visual Studio Version 16
VisualStudioVersion = 16.0.29326.143
MinimumVisualStudioVersion = 10.0.40219.1
Project("{F184B08F-C81C-45F6-A57F-5ABD9991F28F}") = "Andros", "andros\Andros.vbproj", "{C7BFC548-D6C9-43BA-A275-C376C0636CF7}"
EndProject
Project("{F184B08F-C81C-45F6-A57F-5ABD9991F28F}") = "controller", "controller\controller.vbproj", "{BAF7517A-C8E6-470C-B43C-8B7C22ADD7F9}"
EndProject
Project("{F184B08F-C81C-45F6-A57F-5ABD9991F28F}") = "win_creator", "win_creator\win_creator.vbproj", "{0839741D-9099-4EA1-8815-549F8346E2B4}"
EndProject
Project("{2150E333-8FDC-42A3-9474-1A3956D46DE8}") = "TestApp", "TestApp", "{5C11037E-DAFD-4288-BF29-7232A6A14E4D}"
EndProject
Project("{F184B08F-C81C-45F6-A57F-5ABD9991F28F}") = "common", "common\common.vbproj", "{9A078B95-40FB-414C-8C51-A98479F0DB83}"
EndProject
Project("{F184B08F-C81C-45F6-A57F-5ABD9991F28F}") = "iconic", "iconic\iconic.vbproj", "{05F2F894-B07A-40F9-AAD4-CB203A11BAF3}"
EndProject
Project("{F184B08F-C81C-45F6-A57F-5ABD9991F28F}") = "wap", "wap\wap.vbproj", "{3AC3F07D-2259-4FF1-8B7F-64D2F0BE3208}"
EndProject
Project("{F184B08F-C81C-45F6-A57F-5ABD9991F28F}") = "TestApp1", "TestApp1\TestApp1.vbproj", "{D70150C1-322E-4317-99DD-A288A9333165}"
EndProject
Project("{F184B08F-C81C-45F6-A57F-5ABD9991F28F}") = "eaptheme", "eaptheme\eaptheme.vbproj", "{EFD12D88-CF11-4CFE-8D33-A84502264D77}"
EndProject
Project("{F184B08F-C81C-45F6-A57F-5ABD9991F28F}") = "overlay", "overlay\overlay.vbproj", "{0F330FDA-42C2-4E2A-98CE-F98DD9AEA251}"
EndProject
Project("{F184B08F-C81C-45F6-A57F-5ABD9991F28F}") = "update", "update\update.vbproj", "{961E7D64-B9E0-4733-B477-24C630F36C78}"
EndProject
Project("{F184B08F-C81C-45F6-A57F-5ABD9991F28F}") = "version", "version\version.vbproj", "{AF24F252-8481-43B7-A02C-450D8DA03744}"
EndProject
Project("{F184B08F-C81C-45F6-A57F-5ABD9991F28F}") = "blurrBackTest", "blurrBackTest\blurrBackTest.vbproj", "{09E398C7-FC57-45D8-86E6-3D169D1F8D58}"
EndProject
Project("{F184B08F-C81C-45F6-A57F-5ABD9991F28F}") = "KLB463", "KLB463\KLB463.vbproj", "{0A71BE2E-A154-4DD1-8549-1859BB100113}"
EndProject
Project("{F184B08F-C81C-45F6-A57F-5ABD9991F28F}") = "hxcom", "hxcom\hxcom.vbproj", "{E387A768-A7C7-4FB1-98DF-B6C3D53D3F16}"
EndProject
Project("{F184B08F-C81C-45F6-A57F-5ABD9991F28F}") = "SCR130", "SCR130\SCR130.vbproj", "{0C454D76-2C5E-4A85-8BB4-00721412FBA6}"
EndProject
Project("{2150E333-8FDC-42A3-9474-1A3956D46DE8}") = "HCOM", "HCOM", "{D0C388A4-F0D5-4068-AED0-58CD0C73E4E6}"
EndProject
Project("{2150E333-8FDC-42A3-9474-1A3956D46DE8}") = "AML", "AML", "{AC21B1C7-8BEF-4628-8B5C-8373D2CFF418}"
EndProject
Project("{2150E333-8FDC-42A3-9474-1A3956D46DE8}") = "Screen", "Screen", "{8970AF25-D3DE-49B6-947F-11978DFCCA17}"
EndProject
Project("{F184B08F-C81C-45F6-A57F-5ABD9991F28F}") = "PixelScreen", "PixelScreen\PixelScreen.vbproj", "{895F4842-76BD-4201-8AED-E3AFFFDE88EC}"
EndProject
Project("{F184B08F-C81C-45F6-A57F-5ABD9991F28F}") = "SCR094", "SCR094\SCR094.vbproj", "{8D4E5DC8-D3B7-4B6F-A400-8B7805339578}"
EndProject
Project("{F184B08F-C81C-45F6-A57F-5ABD9991F28F}") = "MMTest", "MMTest\MMTest.vbproj", "{BCE15CDD-6CBE-4A71-90FE-D921AE2812A9}"
EndProject
Project("{F184B08F-C81C-45F6-A57F-5ABD9991F28F}") = "ComAML", "ComAML\ComAML.vbproj", "{0A65CF35-7402-4815-85C1-EBE381F84CAE}"
EndProject
Project("{2150E333-8FDC-42A3-9474-1A3956D46DE8}") = "Memory Management", "Memory Management", "{3D0635A2-7067-496F-B884-8F71978C0710}"
EndProject
Project("{2150E333-8FDC-42A3-9474-1A3956D46DE8}") = "System", "System", "{1C178483-B0FD-42D0-8F49-1EE0CFA97BF6}"
EndProject
Project("{2150E333-8FDC-42A3-9474-1A3956D46DE8}") = "ALU", "ALU", "{C57FA008-A715-4CAA-B302-E6A664F63AA3}"
EndProject
Project("{F184B08F-C81C-45F6-A57F-5ABD9991F28F}") = "armOP", "armOP\armOP.vbproj", "{0A70A4E9-5402-4645-A003-97BE2E6AA023}"
EndProject
Project("{2150E333-8FDC-42A3-9474-1A3956D46DE8}") = "DataType Conversion", "DataType Conversion", "{9DEEB17D-4935-4322-9070-B66CC956E4FF}"
EndProject
Project("{F184B08F-C81C-45F6-A57F-5ABD9991F28F}") = "dataconv", "dataconv\dataconv.vbproj", "{E32F8A4A-EE3F-4987-88A4-37DE075180BD}"
EndProject
Project("{2150E333-8FDC-42A3-9474-1A3956D46DE8}") = "Local", "Local", "{F7C981B6-D88C-4873-B9CD-E8B84581E63F}"
EndProject
Project("{2150E333-8FDC-42A3-9474-1A3956D46DE8}") = "Ref", "Ref", "{00856455-BEAB-4946-BF97-2D9322981AF5}"
EndProject
Project("{2150E333-8FDC-42A3-9474-1A3956D46DE8}") = "Andros System", "Andros System", "{B665F47B-5361-489E-B472-94BD6649F9CB}"
EndProject
Project("{F184B08F-C81C-45F6-A57F-5ABD9991F28F}") = "system", "system\system.vbproj", "{A3B2003D-D628-4043-95A3-D71436AC6CE0}"
EndProject
Project("{2150E333-8FDC-42A3-9474-1A3956D46DE8}") = "Resources", "Resources", "{76F8C708-6F1C-4A85-A167-1DB0E8EBE1A0}"
EndProject
Project("{2150E333-8FDC-42A3-9474-1A3956D46DE8}") = "Taskbar (KLB463)", "Taskbar (KLB463)", "{9B08BB27-051C-46E3-8A64-96A20745D7F6}"
EndProject
Project("{2150E333-8FDC-42A3-9474-1A3956D46DE8}") = "Administrator Prompt", "Administrator Prompt", "{0C4D5E68-34CA-4E99-9C70-EBCAF6BBD5F5}"
EndProject
Project("{F184B08F-C81C-45F6-A57F-5ABD9991F28F}") = "AND028", "AND028\AND028.vbproj", "{6336E7D0-777F-4AD0-8523-9EA386D457D0}"
EndProject
Project("{2150E333-8FDC-42A3-9474-1A3956D46DE8}") = "DateAndTime Panel (KLB194)", "DateAndTime Panel (KLB194)", "{AB525625-8A77-442C-9CDA-CD2DDA841249}"
EndProject
Project("{F184B08F-C81C-45F6-A57F-5ABD9991F28F}") = "KLB194", "KLB194\KLB194.vbproj", "{3DE2BF63-B985-4D0E-9B22-D25BE18461FE}"
EndProject
Project("{2150E333-8FDC-42A3-9474-1A3956D46DE8}") = "TestThemeWindow", "TestThemeWindow", "{5E451BFB-8E42-4BCA-A13B-397AEA725B50}"
EndProject
Project("{F184B08F-C81C-45F6-A57F-5ABD9991F28F}") = "TestThemeWindow", "TestThemeWindow\TestThemeWindow.vbproj", "{AA909820-3FE1-4623-94EF-DB210BC2D009}"
EndProject
Project("{2150E333-8FDC-42A3-9474-1A3956D46DE8}") = "Andros Desktop (AND182)", "Andros Desktop (AND182)", "{5C0E94DB-1148-44DD-9820-EC85C9561925}"
EndProject
Project("{F184B08F-C81C-45F6-A57F-5ABD9991F28F}") = "AND182", "AND182\AND182.vbproj", "{7B9740B7-140D-4071-998E-3F74705464D5}"
EndProject
Project("{2150E333-8FDC-42A3-9474-1A3956D46DE8}") = "File Explorer", "File Explorer", "{5A96BB3E-CF62-4F37-AE99-579EE92BB95B}"
EndProject
Project("{2150E333-8FDC-42A3-9474-1A3956D46DE8}") = "LocalApps", "LocalApps", "{EA267AF1-04A8-4B2E-A681-E1F25A6B6180}"
EndProject
Project("{2150E333-8FDC-42A3-9474-1A3956D46DE8}") = "Internet Browser", "Internet Browser", "{6479D1DE-D1C0-4DDA-913E-911363A5A3C8}"
EndProject
Project("{2150E333-8FDC-42A3-9474-1A3956D46DE8}") = "Notepad", "Notepad", "{3B329576-B126-4BD6-8B02-611222E7D02B}"
EndProject
Project("{2150E333-8FDC-42A3-9474-1A3956D46DE8}") = "PDF Viewer", "PDF Viewer", "{EAF1AE84-DD93-45DC-AD36-4D52B3397AF7}"
EndProject
Project("{2150E333-8FDC-42A3-9474-1A3956D46DE8}") = "Image Viewer", "Image Viewer", "{E52899F9-0B08-46CE-9768-2F882F8E2FB8}"
EndProject
Project("{2150E333-8FDC-42A3-9474-1A3956D46DE8}") = "Music Player", "Music Player", "{3E694458-8435-4B18-BF56-011352CCCF48}"
EndProject
Project("{2150E333-8FDC-42A3-9474-1A3956D46DE8}") = "Video Player", "Video Player", "{2866A852-4C9D-4D24-8DEF-45A7B297AC8B}"
EndProject
Project("{F184B08F-C81C-45F6-A57F-5ABD9991F28F}") = "File Explorer", "File Explorer\File Explorer.vbproj", "{019DD615-1F38-43FF-8650-B6CFA79664D2}"
EndProject
Project("{F184B08F-C81C-45F6-A57F-5ABD9991F28F}") = "notifsrv", "notifsrv\notifsrv.vbproj", "{092D4F8A-A6B9-4107-B639-87DCD305D32E}"
EndProject
Global
	GlobalSection(SolutionConfigurationPlatforms) = preSolution
		Debug|Any CPU = Debug|Any CPU
		Release|Any CPU = Release|Any CPU
	EndGlobalSection
	GlobalSection(ProjectConfigurationPlatforms) = postSolution
		{C7BFC548-D6C9-43BA-A275-C376C0636CF7}.Debug|Any CPU.ActiveCfg = Debug|Any CPU
		{C7BFC548-D6C9-43BA-A275-C376C0636CF7}.Debug|Any CPU.Build.0 = Debug|Any CPU
		{C7BFC548-D6C9-43BA-A275-C376C0636CF7}.Release|Any CPU.ActiveCfg = Release|Any CPU
		{C7BFC548-D6C9-43BA-A275-C376C0636CF7}.Release|Any CPU.Build.0 = Release|Any CPU
		{BAF7517A-C8E6-470C-B43C-8B7C22ADD7F9}.Debug|Any CPU.ActiveCfg = Debug|Any CPU
		{BAF7517A-C8E6-470C-B43C-8B7C22ADD7F9}.Debug|Any CPU.Build.0 = Debug|Any CPU
		{BAF7517A-C8E6-470C-B43C-8B7C22ADD7F9}.Release|Any CPU.ActiveCfg = Release|Any CPU
		{BAF7517A-C8E6-470C-B43C-8B7C22ADD7F9}.Release|Any CPU.Build.0 = Release|Any CPU
		{0839741D-9099-4EA1-8815-549F8346E2B4}.Debug|Any CPU.ActiveCfg = Debug|Any CPU
		{0839741D-9099-4EA1-8815-549F8346E2B4}.Debug|Any CPU.Build.0 = Debug|Any CPU
		{0839741D-9099-4EA1-8815-549F8346E2B4}.Release|Any CPU.ActiveCfg = Release|Any CPU
		{0839741D-9099-4EA1-8815-549F8346E2B4}.Release|Any CPU.Build.0 = Release|Any CPU
		{9A078B95-40FB-414C-8C51-A98479F0DB83}.Debug|Any CPU.ActiveCfg = Debug|Any CPU
		{9A078B95-40FB-414C-8C51-A98479F0DB83}.Debug|Any CPU.Build.0 = Debug|Any CPU
		{9A078B95-40FB-414C-8C51-A98479F0DB83}.Release|Any CPU.ActiveCfg = Release|Any CPU
		{9A078B95-40FB-414C-8C51-A98479F0DB83}.Release|Any CPU.Build.0 = Release|Any CPU
		{05F2F894-B07A-40F9-AAD4-CB203A11BAF3}.Debug|Any CPU.ActiveCfg = Debug|Any CPU
		{05F2F894-B07A-40F9-AAD4-CB203A11BAF3}.Debug|Any CPU.Build.0 = Debug|Any CPU
		{05F2F894-B07A-40F9-AAD4-CB203A11BAF3}.Release|Any CPU.ActiveCfg = Release|Any CPU
		{05F2F894-B07A-40F9-AAD4-CB203A11BAF3}.Release|Any CPU.Build.0 = Release|Any CPU
		{3AC3F07D-2259-4FF1-8B7F-64D2F0BE3208}.Debug|Any CPU.ActiveCfg = Debug|Any CPU
		{3AC3F07D-2259-4FF1-8B7F-64D2F0BE3208}.Debug|Any CPU.Build.0 = Debug|Any CPU
		{3AC3F07D-2259-4FF1-8B7F-64D2F0BE3208}.Release|Any CPU.ActiveCfg = Release|Any CPU
		{3AC3F07D-2259-4FF1-8B7F-64D2F0BE3208}.Release|Any CPU.Build.0 = Release|Any CPU
		{D70150C1-322E-4317-99DD-A288A9333165}.Debug|Any CPU.ActiveCfg = Debug|Any CPU
		{D70150C1-322E-4317-99DD-A288A9333165}.Debug|Any CPU.Build.0 = Debug|Any CPU
		{D70150C1-322E-4317-99DD-A288A9333165}.Release|Any CPU.ActiveCfg = Release|Any CPU
		{D70150C1-322E-4317-99DD-A288A9333165}.Release|Any CPU.Build.0 = Release|Any CPU
		{EFD12D88-CF11-4CFE-8D33-A84502264D77}.Debug|Any CPU.ActiveCfg = Debug|Any CPU
		{EFD12D88-CF11-4CFE-8D33-A84502264D77}.Debug|Any CPU.Build.0 = Debug|Any CPU
		{EFD12D88-CF11-4CFE-8D33-A84502264D77}.Release|Any CPU.ActiveCfg = Release|Any CPU
		{EFD12D88-CF11-4CFE-8D33-A84502264D77}.Release|Any CPU.Build.0 = Release|Any CPU
		{0F330FDA-42C2-4E2A-98CE-F98DD9AEA251}.Debug|Any CPU.ActiveCfg = Debug|Any CPU
		{0F330FDA-42C2-4E2A-98CE-F98DD9AEA251}.Debug|Any CPU.Build.0 = Debug|Any CPU
		{0F330FDA-42C2-4E2A-98CE-F98DD9AEA251}.Release|Any CPU.ActiveCfg = Release|Any CPU
		{0F330FDA-42C2-4E2A-98CE-F98DD9AEA251}.Release|Any CPU.Build.0 = Release|Any CPU
		{961E7D64-B9E0-4733-B477-24C630F36C78}.Debug|Any CPU.ActiveCfg = Debug|Any CPU
		{961E7D64-B9E0-4733-B477-24C630F36C78}.Debug|Any CPU.Build.0 = Debug|Any CPU
		{961E7D64-B9E0-4733-B477-24C630F36C78}.Release|Any CPU.ActiveCfg = Release|Any CPU
		{961E7D64-B9E0-4733-B477-24C630F36C78}.Release|Any CPU.Build.0 = Release|Any CPU
		{AF24F252-8481-43B7-A02C-450D8DA03744}.Debug|Any CPU.ActiveCfg = Debug|Any CPU
		{AF24F252-8481-43B7-A02C-450D8DA03744}.Debug|Any CPU.Build.0 = Debug|Any CPU
		{AF24F252-8481-43B7-A02C-450D8DA03744}.Release|Any CPU.ActiveCfg = Release|Any CPU
		{AF24F252-8481-43B7-A02C-450D8DA03744}.Release|Any CPU.Build.0 = Release|Any CPU
		{09E398C7-FC57-45D8-86E6-3D169D1F8D58}.Debug|Any CPU.ActiveCfg = Debug|Any CPU
		{09E398C7-FC57-45D8-86E6-3D169D1F8D58}.Debug|Any CPU.Build.0 = Debug|Any CPU
		{09E398C7-FC57-45D8-86E6-3D169D1F8D58}.Release|Any CPU.ActiveCfg = Release|Any CPU
		{09E398C7-FC57-45D8-86E6-3D169D1F8D58}.Release|Any CPU.Build.0 = Release|Any CPU
		{0A71BE2E-A154-4DD1-8549-1859BB100113}.Debug|Any CPU.ActiveCfg = Debug|Any CPU
		{0A71BE2E-A154-4DD1-8549-1859BB100113}.Debug|Any CPU.Build.0 = Debug|Any CPU
		{0A71BE2E-A154-4DD1-8549-1859BB100113}.Release|Any CPU.ActiveCfg = Release|Any CPU
		{0A71BE2E-A154-4DD1-8549-1859BB100113}.Release|Any CPU.Build.0 = Release|Any CPU
		{E387A768-A7C7-4FB1-98DF-B6C3D53D3F16}.Debug|Any CPU.ActiveCfg = Debug|Any CPU
		{E387A768-A7C7-4FB1-98DF-B6C3D53D3F16}.Debug|Any CPU.Build.0 = Debug|Any CPU
		{E387A768-A7C7-4FB1-98DF-B6C3D53D3F16}.Release|Any CPU.ActiveCfg = Release|Any CPU
		{E387A768-A7C7-4FB1-98DF-B6C3D53D3F16}.Release|Any CPU.Build.0 = Release|Any CPU
		{0C454D76-2C5E-4A85-8BB4-00721412FBA6}.Debug|Any CPU.ActiveCfg = Debug|Any CPU
		{0C454D76-2C5E-4A85-8BB4-00721412FBA6}.Debug|Any CPU.Build.0 = Debug|Any CPU
		{0C454D76-2C5E-4A85-8BB4-00721412FBA6}.Release|Any CPU.ActiveCfg = Release|Any CPU
		{0C454D76-2C5E-4A85-8BB4-00721412FBA6}.Release|Any CPU.Build.0 = Release|Any CPU
		{895F4842-76BD-4201-8AED-E3AFFFDE88EC}.Debug|Any CPU.ActiveCfg = Debug|Any CPU
		{895F4842-76BD-4201-8AED-E3AFFFDE88EC}.Debug|Any CPU.Build.0 = Debug|Any CPU
		{895F4842-76BD-4201-8AED-E3AFFFDE88EC}.Release|Any CPU.ActiveCfg = Release|Any CPU
		{895F4842-76BD-4201-8AED-E3AFFFDE88EC}.Release|Any CPU.Build.0 = Release|Any CPU
		{8D4E5DC8-D3B7-4B6F-A400-8B7805339578}.Debug|Any CPU.ActiveCfg = Debug|Any CPU
		{8D4E5DC8-D3B7-4B6F-A400-8B7805339578}.Debug|Any CPU.Build.0 = Debug|Any CPU
		{8D4E5DC8-D3B7-4B6F-A400-8B7805339578}.Release|Any CPU.ActiveCfg = Release|Any CPU
		{8D4E5DC8-D3B7-4B6F-A400-8B7805339578}.Release|Any CPU.Build.0 = Release|Any CPU
		{BCE15CDD-6CBE-4A71-90FE-D921AE2812A9}.Debug|Any CPU.ActiveCfg = Debug|Any CPU
		{BCE15CDD-6CBE-4A71-90FE-D921AE2812A9}.Debug|Any CPU.Build.0 = Debug|Any CPU
		{BCE15CDD-6CBE-4A71-90FE-D921AE2812A9}.Release|Any CPU.ActiveCfg = Release|Any CPU
		{BCE15CDD-6CBE-4A71-90FE-D921AE2812A9}.Release|Any CPU.Build.0 = Release|Any CPU
		{0A65CF35-7402-4815-85C1-EBE381F84CAE}.Debug|Any CPU.ActiveCfg = Debug|Any CPU
		{0A65CF35-7402-4815-85C1-EBE381F84CAE}.Debug|Any CPU.Build.0 = Debug|Any CPU
		{0A65CF35-7402-4815-85C1-EBE381F84CAE}.Release|Any CPU.ActiveCfg = Release|Any CPU
		{0A65CF35-7402-4815-85C1-EBE381F84CAE}.Release|Any CPU.Build.0 = Release|Any CPU
		{0A70A4E9-5402-4645-A003-97BE2E6AA023}.Debug|Any CPU.ActiveCfg = Debug|Any CPU
		{0A70A4E9-5402-4645-A003-97BE2E6AA023}.Debug|Any CPU.Build.0 = Debug|Any CPU
		{0A70A4E9-5402-4645-A003-97BE2E6AA023}.Release|Any CPU.ActiveCfg = Release|Any CPU
		{0A70A4E9-5402-4645-A003-97BE2E6AA023}.Release|Any CPU.Build.0 = Release|Any CPU
		{E32F8A4A-EE3F-4987-88A4-37DE075180BD}.Debug|Any CPU.ActiveCfg = Debug|Any CPU
		{E32F8A4A-EE3F-4987-88A4-37DE075180BD}.Debug|Any CPU.Build.0 = Debug|Any CPU
		{E32F8A4A-EE3F-4987-88A4-37DE075180BD}.Release|Any CPU.ActiveCfg = Release|Any CPU
		{E32F8A4A-EE3F-4987-88A4-37DE075180BD}.Release|Any CPU.Build.0 = Release|Any CPU
		{A3B2003D-D628-4043-95A3-D71436AC6CE0}.Debug|Any CPU.ActiveCfg = Debug|Any CPU
		{A3B2003D-D628-4043-95A3-D71436AC6CE0}.Debug|Any CPU.Build.0 = Debug|Any CPU
		{A3B2003D-D628-4043-95A3-D71436AC6CE0}.Release|Any CPU.ActiveCfg = Release|Any CPU
		{A3B2003D-D628-4043-95A3-D71436AC6CE0}.Release|Any CPU.Build.0 = Release|Any CPU
		{6336E7D0-777F-4AD0-8523-9EA386D457D0}.Debug|Any CPU.ActiveCfg = Debug|Any CPU
		{6336E7D0-777F-4AD0-8523-9EA386D457D0}.Debug|Any CPU.Build.0 = Debug|Any CPU
		{6336E7D0-777F-4AD0-8523-9EA386D457D0}.Release|Any CPU.ActiveCfg = Release|Any CPU
		{6336E7D0-777F-4AD0-8523-9EA386D457D0}.Release|Any CPU.Build.0 = Release|Any CPU
		{3DE2BF63-B985-4D0E-9B22-D25BE18461FE}.Debug|Any CPU.ActiveCfg = Debug|Any CPU
		{3DE2BF63-B985-4D0E-9B22-D25BE18461FE}.Debug|Any CPU.Build.0 = Debug|Any CPU
		{3DE2BF63-B985-4D0E-9B22-D25BE18461FE}.Release|Any CPU.ActiveCfg = Release|Any CPU
		{3DE2BF63-B985-4D0E-9B22-D25BE18461FE}.Release|Any CPU.Build.0 = Release|Any CPU
		{AA909820-3FE1-4623-94EF-DB210BC2D009}.Debug|Any CPU.ActiveCfg = Debug|Any CPU
		{AA909820-3FE1-4623-94EF-DB210BC2D009}.Debug|Any CPU.Build.0 = Debug|Any CPU
		{AA909820-3FE1-4623-94EF-DB210BC2D009}.Release|Any CPU.ActiveCfg = Release|Any CPU
		{AA909820-3FE1-4623-94EF-DB210BC2D009}.Release|Any CPU.Build.0 = Release|Any CPU
		{7B9740B7-140D-4071-998E-3F74705464D5}.Debug|Any CPU.ActiveCfg = Debug|Any CPU
		{7B9740B7-140D-4071-998E-3F74705464D5}.Debug|Any CPU.Build.0 = Debug|Any CPU
		{7B9740B7-140D-4071-998E-3F74705464D5}.Release|Any CPU.ActiveCfg = Release|Any CPU
		{7B9740B7-140D-4071-998E-3F74705464D5}.Release|Any CPU.Build.0 = Release|Any CPU
		{019DD615-1F38-43FF-8650-B6CFA79664D2}.Debug|Any CPU.ActiveCfg = Debug|Any CPU
		{019DD615-1F38-43FF-8650-B6CFA79664D2}.Debug|Any CPU.Build.0 = Debug|Any CPU
		{019DD615-1F38-43FF-8650-B6CFA79664D2}.Release|Any CPU.ActiveCfg = Release|Any CPU
		{019DD615-1F38-43FF-8650-B6CFA79664D2}.Release|Any CPU.Build.0 = Release|Any CPU
		{092D4F8A-A6B9-4107-B639-87DCD305D32E}.Debug|Any CPU.ActiveCfg = Debug|Any CPU
		{092D4F8A-A6B9-4107-B639-87DCD305D32E}.Debug|Any CPU.Build.0 = Debug|Any CPU
		{092D4F8A-A6B9-4107-B639-87DCD305D32E}.Release|Any CPU.ActiveCfg = Release|Any CPU
		{092D4F8A-A6B9-4107-B639-87DCD305D32E}.Release|Any CPU.Build.0 = Release|Any CPU
	EndGlobalSection
	GlobalSection(SolutionProperties) = preSolution
		HideSolutionNode = FALSE
	EndGlobalSection
	GlobalSection(NestedProjects) = preSolution
		{BAF7517A-C8E6-470C-B43C-8B7C22ADD7F9} = {00856455-BEAB-4946-BF97-2D9322981AF5}
		{9A078B95-40FB-414C-8C51-A98479F0DB83} = {00856455-BEAB-4946-BF97-2D9322981AF5}
		{D70150C1-322E-4317-99DD-A288A9333165} = {5C11037E-DAFD-4288-BF29-7232A6A14E4D}
		{0A71BE2E-A154-4DD1-8549-1859BB100113} = {9B08BB27-051C-46E3-8A64-96A20745D7F6}
		{0C454D76-2C5E-4A85-8BB4-00721412FBA6} = {3D0635A2-7067-496F-B884-8F71978C0710}
		{AC21B1C7-8BEF-4628-8B5C-8373D2CFF418} = {D0C388A4-F0D5-4068-AED0-58CD0C73E4E6}
		{895F4842-76BD-4201-8AED-E3AFFFDE88EC} = {8970AF25-D3DE-49B6-947F-11978DFCCA17}
		{8D4E5DC8-D3B7-4B6F-A400-8B7805339578} = {3D0635A2-7067-496F-B884-8F71978C0710}
		{BCE15CDD-6CBE-4A71-90FE-D921AE2812A9} = {3D0635A2-7067-496F-B884-8F71978C0710}
		{0A65CF35-7402-4815-85C1-EBE381F84CAE} = {AC21B1C7-8BEF-4628-8B5C-8373D2CFF418}
		{C57FA008-A715-4CAA-B302-E6A664F63AA3} = {1C178483-B0FD-42D0-8F49-1EE0CFA97BF6}
		{0A70A4E9-5402-4645-A003-97BE2E6AA023} = {C57FA008-A715-4CAA-B302-E6A664F63AA3}
		{9DEEB17D-4935-4322-9070-B66CC956E4FF} = {1C178483-B0FD-42D0-8F49-1EE0CFA97BF6}
		{E32F8A4A-EE3F-4987-88A4-37DE075180BD} = {9DEEB17D-4935-4322-9070-B66CC956E4FF}
		{F7C981B6-D88C-4873-B9CD-E8B84581E63F} = {1C178483-B0FD-42D0-8F49-1EE0CFA97BF6}
		{00856455-BEAB-4946-BF97-2D9322981AF5} = {F7C981B6-D88C-4873-B9CD-E8B84581E63F}
		{B665F47B-5361-489E-B472-94BD6649F9CB} = {1C178483-B0FD-42D0-8F49-1EE0CFA97BF6}
		{A3B2003D-D628-4043-95A3-D71436AC6CE0} = {B665F47B-5361-489E-B472-94BD6649F9CB}
		{9B08BB27-051C-46E3-8A64-96A20745D7F6} = {76F8C708-6F1C-4A85-A167-1DB0E8EBE1A0}
		{0C4D5E68-34CA-4E99-9C70-EBCAF6BBD5F5} = {76F8C708-6F1C-4A85-A167-1DB0E8EBE1A0}
		{6336E7D0-777F-4AD0-8523-9EA386D457D0} = {0C4D5E68-34CA-4E99-9C70-EBCAF6BBD5F5}
		{AB525625-8A77-442C-9CDA-CD2DDA841249} = {76F8C708-6F1C-4A85-A167-1DB0E8EBE1A0}
		{3DE2BF63-B985-4D0E-9B22-D25BE18461FE} = {AB525625-8A77-442C-9CDA-CD2DDA841249}
		{5E451BFB-8E42-4BCA-A13B-397AEA725B50} = {76F8C708-6F1C-4A85-A167-1DB0E8EBE1A0}
		{AA909820-3FE1-4623-94EF-DB210BC2D009} = {5E451BFB-8E42-4BCA-A13B-397AEA725B50}
		{5C0E94DB-1148-44DD-9820-EC85C9561925} = {76F8C708-6F1C-4A85-A167-1DB0E8EBE1A0}
		{7B9740B7-140D-4071-998E-3F74705464D5} = {5C0E94DB-1148-44DD-9820-EC85C9561925}
		{5A96BB3E-CF62-4F37-AE99-579EE92BB95B} = {EA267AF1-04A8-4B2E-A681-E1F25A6B6180}
		{6479D1DE-D1C0-4DDA-913E-911363A5A3C8} = {EA267AF1-04A8-4B2E-A681-E1F25A6B6180}
		{3B329576-B126-4BD6-8B02-611222E7D02B} = {EA267AF1-04A8-4B2E-A681-E1F25A6B6180}
		{EAF1AE84-DD93-45DC-AD36-4D52B3397AF7} = {EA267AF1-04A8-4B2E-A681-E1F25A6B6180}
		{E52899F9-0B08-46CE-9768-2F882F8E2FB8} = {EA267AF1-04A8-4B2E-A681-E1F25A6B6180}
		{3E694458-8435-4B18-BF56-011352CCCF48} = {EA267AF1-04A8-4B2E-A681-E1F25A6B6180}
		{2866A852-4C9D-4D24-8DEF-45A7B297AC8B} = {EA267AF1-04A8-4B2E-A681-E1F25A6B6180}
		{019DD615-1F38-43FF-8650-B6CFA79664D2} = {5A96BB3E-CF62-4F37-AE99-579EE92BB95B}
		{092D4F8A-A6B9-4107-B639-87DCD305D32E} = {00856455-BEAB-4946-BF97-2D9322981AF5}
	EndGlobalSection
	GlobalSection(ExtensibilityGlobals) = postSolution
		SolutionGuid = {2AFF261C-052D-4B0C-8618-3D2BE0710159}
	EndGlobalSection
EndGlobal
